
Microsoft Visual Studio Solution File, Format Version 12.00
# Visual Studio 15
VisualStudioVersion = 15.0.27520.0
MinimumVisualStudioVersion = 10.0.40219.1
Project("{FAE04EC0-301F-11D3-BF4B-00C04F79EFBC}") = "BlazorDemo.Server", "BlazorDemo\BlazorDemo.Server\BlazorDemo.Server.csproj", "{D6FFF2B6-710F-40EE-B60F-1ACAE635EBCE}"
EndProject
Project("{FAE04EC0-301F-11D3-BF4B-00C04F79EFBC}") = "BlazorDemo.Client", "BlazorDemo\BlazorDemo.Client\BlazorDemo.Client.csproj", "{B2AF5833-0E75-4104-A209-7F1CF799A765}"
EndProject
Project("{FAE04EC0-301F-11D3-BF4B-00C04F79EFBC}") = "BlazorDemo.Shared", "BlazorDemo\BlazorDemo.Shared\BlazorDemo.Shared.csproj", "{116444B6-56BD-48C9-9AE7-933459055297}"
EndProject
Global
	GlobalSection(SolutionConfigurationPlatforms) = preSolution
		Debug|Any CPU = Debug|Any CPU
		Release|Any CPU = Release|Any CPU
	EndGlobalSection
	GlobalSection(ProjectConfigurationPlatforms) = postSolution
		{D6FFF2B6-710F-40EE-B60F-1ACAE635EBCE}.Debug|Any CPU.ActiveCfg = Debug|Any CPU
		{D6FFF2B6-710F-40EE-B60F-1ACAE635EBCE}.Debug|Any CPU.Build.0 = Debug|Any CPU
		{D6FFF2B6-710F-40EE-B60F-1ACAE635EBCE}.Release|Any CPU.ActiveCfg = Release|Any CPU
		{D6FFF2B6-710F-40EE-B60F-1ACAE635EBCE}.Release|Any CPU.Build.0 = Release|Any CPU
		{B2AF5833-0E75-4104-A209-7F1CF799A765}.Debug|Any CPU.ActiveCfg = Debug|Any CPU
		{B2AF5833-0E75-4104-A209-7F1CF799A765}.Debug|Any CPU.Build.0 = Debug|Any CPU
		{B2AF5833-0E75-4104-A209-7F1CF799A765}.Release|Any CPU.ActiveCfg = Release|Any CPU
		{B2AF5833-0E75-4104-A209-7F1CF799A765}.Release|Any CPU.Build.0 = Release|Any CPU
		{116444B6-56BD-48C9-9AE7-933459055297}.Debug|Any CPU.ActiveCfg = Debug|Any CPU
		{116444B6-56BD-48C9-9AE7-933459055297}.Debug|Any CPU.Build.0 = Debug|Any CPU
		{116444B6-56BD-48C9-9AE7-933459055297}.Release|Any CPU.ActiveCfg = Release|Any CPU
		{116444B6-56BD-48C9-9AE7-933459055297}.Release|Any CPU.Build.0 = Release|Any CPU
	EndGlobalSection
	GlobalSection(SolutionProperties) = preSolution
		HideSolutionNode = FALSE
	EndGlobalSection
	GlobalSection(ExtensibilityGlobals) = postSolution
		SolutionGuid = {59341086-17FB-48D1-A545-D94AB3A7C2EF}
	EndGlobalSection
EndGlobal
